// !$*UTF8*$!
{
	archiveVersion = 1;
	classes = {
	};
	objectVersion = 46;
	objects = {

/* Begin PBXBuildFile section */
		6CAC629E1E56F2C700E7FD99 /* AppDelegate.swift in Sources */ = {isa = PBXBuildFile; fileRef = 6CAC629D1E56F2C700E7FD99 /* AppDelegate.swift */; };
		6CAC62A01E56F2C700E7FD99 /* ViewController.swift in Sources */ = {isa = PBXBuildFile; fileRef = 6CAC629F1E56F2C700E7FD99 /* ViewController.swift */; };
		6CAC62A31E56F2C700E7FD99 /* Main.storyboard in Resources */ = {isa = PBXBuildFile; fileRef = 6CAC62A11E56F2C700E7FD99 /* Main.storyboard */; };
		6CAC62A51E56F2C700E7FD99 /* Assets.xcassets in Resources */ = {isa = PBXBuildFile; fileRef = 6CAC62A41E56F2C700E7FD99 /* Assets.xcassets */; };
		6CAC62A81E56F2C700E7FD99 /* LaunchScreen.storyboard in Resources */ = {isa = PBXBuildFile; fileRef = 6CAC62A61E56F2C700E7FD99 /* LaunchScreen.storyboard */; };
		6CAC62B31E56F2C700E7FD99 /* TabPagerTests.swift in Sources */ = {isa = PBXBuildFile; fileRef = 6CAC62B21E56F2C700E7FD99 /* TabPagerTests.swift */; };
		6CAC62BE1E56F2C700E7FD99 /* TabPagerUITests.swift in Sources */ = {isa = PBXBuildFile; fileRef = 6CAC62BD1E56F2C700E7FD99 /* TabPagerUITests.swift */; };
		6CAC62D31E56F2F100E7FD99 /* PageTabBarView.swift in Sources */ = {isa = PBXBuildFile; fileRef = 6CAC62CC1E56F2F100E7FD99 /* PageTabBarView.swift */; };
		6CAC62D41E56F2F100E7FD99 /* PageTabBarView.xib in Resources */ = {isa = PBXBuildFile; fileRef = 6CAC62CD1E56F2F100E7FD99 /* PageTabBarView.xib */; };
		6CAC62D51E56F2F100E7FD99 /* PageView.swift in Sources */ = {isa = PBXBuildFile; fileRef = 6CAC62CE1E56F2F100E7FD99 /* PageView.swift */; };
		6CAC62D61E56F2F100E7FD99 /* Style.swift in Sources */ = {isa = PBXBuildFile; fileRef = 6CAC62CF1E56F2F100E7FD99 /* Style.swift */; };
		6CAC62D71E56F2F100E7FD99 /* TabItemCollectionViewCell.swift in Sources */ = {isa = PBXBuildFile; fileRef = 6CAC62D01E56F2F100E7FD99 /* TabItemCollectionViewCell.swift */; };
		6CAC62D81E56F2F100E7FD99 /* TabItemCollectionViewCell.xib in Resources */ = {isa = PBXBuildFile; fileRef = 6CAC62D11E56F2F100E7FD99 /* TabItemCollectionViewCell.xib */; };
		6CAC62D91E56F2F100E7FD99 /* UIViewExtensions.swift in Sources */ = {isa = PBXBuildFile; fileRef = 6CAC62D21E56F2F100E7FD99 /* UIViewExtensions.swift */; };
		6CAC62DE1E56F4A500E7FD99 /* CollectionViewController.swift in Sources */ = {isa = PBXBuildFile; fileRef = 6CAC62DA1E56F4A500E7FD99 /* CollectionViewController.swift */; };
		6CAC62DF1E56F4A500E7FD99 /* LimitDemoAllCodeViewController.swift in Sources */ = {isa = PBXBuildFile; fileRef = 6CAC62DB1E56F4A500E7FD99 /* LimitDemoAllCodeViewController.swift */; };
		6CAC62E01E56F4A500E7FD99 /* LimitDemoOnContainerViewController.swift in Sources */ = {isa = PBXBuildFile; fileRef = 6CAC62DC1E56F4A500E7FD99 /* LimitDemoOnContainerViewController.swift */; };
		6CAC62E11E56F4A500E7FD99 /* TableViewController.swift in Sources */ = {isa = PBXBuildFile; fileRef = 6CAC62DD1E56F4A500E7FD99 /* TableViewController.swift */; };
/* End PBXBuildFile section */

/* Begin PBXContainerItemProxy section */
		6CAC62AF1E56F2C700E7FD99 /* PBXContainerItemProxy */ = {
			isa = PBXContainerItemProxy;
			containerPortal = 6CAC62921E56F2C700E7FD99 /* Project object */;
			proxyType = 1;
			remoteGlobalIDString = 6CAC62991E56F2C700E7FD99;
			remoteInfo = TabPager;
		};
		6CAC62BA1E56F2C700E7FD99 /* PBXContainerItemProxy */ = {
			isa = PBXContainerItemProxy;
			containerPortal = 6CAC62921E56F2C700E7FD99 /* Project object */;
			proxyType = 1;
			remoteGlobalIDString = 6CAC62991E56F2C700E7FD99;
			remoteInfo = TabPager;
		};
/* End PBXContainerItemProxy section */

/* Begin PBXFileReference section */
		6CAC629A1E56F2C700E7FD99 /* TabPager.app */ = {isa = PBXFileReference; explicitFileType = wrapper.application; includeInIndex = 0; path = TabPager.app; sourceTree = BUILT_PRODUCTS_DIR; };
		6CAC629D1E56F2C700E7FD99 /* AppDelegate.swift */ = {isa = PBXFileReference; lastKnownFileType = sourcecode.swift; path = AppDelegate.swift; sourceTree = "<group>"; };
		6CAC629F1E56F2C700E7FD99 /* ViewController.swift */ = {isa = PBXFileReference; lastKnownFileType = sourcecode.swift; path = ViewController.swift; sourceTree = "<group>"; };
		6CAC62A21E56F2C700E7FD99 /* Base */ = {isa = PBXFileReference; lastKnownFileType = file.storyboard; name = Base; path = Base.lproj/Main.storyboard; sourceTree = "<group>"; };
		6CAC62A41E56F2C700E7FD99 /* Assets.xcassets */ = {isa = PBXFileReference; lastKnownFileType = folder.assetcatalog; path = Assets.xcassets; sourceTree = "<group>"; };
		6CAC62A71E56F2C700E7FD99 /* Base */ = {isa = PBXFileReference; lastKnownFileType = file.storyboard; name = Base; path = Base.lproj/LaunchScreen.storyboard; sourceTree = "<group>"; };
		6CAC62A91E56F2C700E7FD99 /* Info.plist */ = {isa = PBXFileReference; lastKnownFileType = text.plist.xml; path = Info.plist; sourceTree = "<group>"; };
		6CAC62AE1E56F2C700E7FD99 /* TabPagerTests.xctest */ = {isa = PBXFileReference; explicitFileType = wrapper.cfbundle; includeInIndex = 0; path = TabPagerTests.xctest; sourceTree = BUILT_PRODUCTS_DIR; };
		6CAC62B21E56F2C700E7FD99 /* TabPagerTests.swift */ = {isa = PBXFileReference; lastKnownFileType = sourcecode.swift; path = TabPagerTests.swift; sourceTree = "<group>"; };
		6CAC62B41E56F2C700E7FD99 /* Info.plist */ = {isa = PBXFileReference; lastKnownFileType = text.plist.xml; path = Info.plist; sourceTree = "<group>"; };
		6CAC62B91E56F2C700E7FD99 /* TabPagerUITests.xctest */ = {isa = PBXFileReference; explicitFileType = wrapper.cfbundle; includeInIndex = 0; path = TabPagerUITests.xctest; sourceTree = BUILT_PRODUCTS_DIR; };
		6CAC62BD1E56F2C700E7FD99 /* TabPagerUITests.swift */ = {isa = PBXFileReference; lastKnownFileType = sourcecode.swift; path = TabPagerUITests.swift; sourceTree = "<group>"; };
		6CAC62BF1E56F2C700E7FD99 /* Info.plist */ = {isa = PBXFileReference; lastKnownFileType = text.plist.xml; path = Info.plist; sourceTree = "<group>"; };
		6CAC62CC1E56F2F100E7FD99 /* PageTabBarView.swift */ = {isa = PBXFileReference; fileEncoding = 4; lastKnownFileType = sourcecode.swift; path = PageTabBarView.swift; sourceTree = "<group>"; };
		6CAC62CD1E56F2F100E7FD99 /* PageTabBarView.xib */ = {isa = PBXFileReference; fileEncoding = 4; lastKnownFileType = file.xib; path = PageTabBarView.xib; sourceTree = "<group>"; };
		6CAC62CE1E56F2F100E7FD99 /* PageView.swift */ = {isa = PBXFileReference; fileEncoding = 4; lastKnownFileType = sourcecode.swift; path = PageView.swift; sourceTree = "<group>"; };
		6CAC62CF1E56F2F100E7FD99 /* Style.swift */ = {isa = PBXFileReference; fileEncoding = 4; lastKnownFileType = sourcecode.swift; path = Style.swift; sourceTree = "<group>"; };
		6CAC62D01E56F2F100E7FD99 /* TabItemCollectionViewCell.swift */ = {isa = PBXFileReference; fileEncoding = 4; lastKnownFileType = sourcecode.swift; path = TabItemCollectionViewCell.swift; sourceTree = "<group>"; };
		6CAC62D11E56F2F100E7FD99 /* TabItemCollectionViewCell.xib */ = {isa = PBXFileReference; fileEncoding = 4; lastKnownFileType = file.xib; path = TabItemCollectionViewCell.xib; sourceTree = "<group>"; };
		6CAC62D21E56F2F100E7FD99 /* UIViewExtensions.swift */ = {isa = PBXFileReference; fileEncoding = 4; lastKnownFileType = sourcecode.swift; path = UIViewExtensions.swift; sourceTree = "<group>"; };
		6CAC62DA1E56F4A500E7FD99 /* CollectionViewController.swift */ = {isa = PBXFileReference; fileEncoding = 4; lastKnownFileType = sourcecode.swift; path = CollectionViewController.swift; sourceTree = "<group>"; };
		6CAC62DB1E56F4A500E7FD99 /* LimitDemoAllCodeViewController.swift */ = {isa = PBXFileReference; fileEncoding = 4; lastKnownFileType = sourcecode.swift; path = LimitDemoAllCodeViewController.swift; sourceTree = "<group>"; };
		6CAC62DC1E56F4A500E7FD99 /* LimitDemoOnContainerViewController.swift */ = {isa = PBXFileReference; fileEncoding = 4; lastKnownFileType = sourcecode.swift; path = LimitDemoOnContainerViewController.swift; sourceTree = "<group>"; };
		6CAC62DD1E56F4A500E7FD99 /* TableViewController.swift */ = {isa = PBXFileReference; fileEncoding = 4; lastKnownFileType = sourcecode.swift; path = TableViewController.swift; sourceTree = "<group>"; };
/* End PBXFileReference section */

/* Begin PBXFrameworksBuildPhase section */
		6CAC62971E56F2C700E7FD99 /* Frameworks */ = {
			isa = PBXFrameworksBuildPhase;
			buildActionMask = 2147483647;
			files = (
			);
			runOnlyForDeploymentPostprocessing = 0;
		};
		6CAC62AB1E56F2C700E7FD99 /* Frameworks */ = {
			isa = PBXFrameworksBuildPhase;
			buildActionMask = 2147483647;
			files = (
			);
			runOnlyForDeploymentPostprocessing = 0;
		};
		6CAC62B61E56F2C700E7FD99 /* Frameworks */ = {
			isa = PBXFrameworksBuildPhase;
			buildActionMask = 2147483647;
			files = (
			);
			runOnlyForDeploymentPostprocessing = 0;
		};
/* End PBXFrameworksBuildPhase section */

/* Begin PBXGroup section */
		6CAC62911E56F2C700E7FD99 = {
			isa = PBXGroup;
			children = (
				6CAC62CB1E56F2F100E7FD99 /* Classes */,
				6CAC629C1E56F2C700E7FD99 /* TabPager */,
				6CAC62B11E56F2C700E7FD99 /* TabPagerTests */,
				6CAC62BC1E56F2C700E7FD99 /* TabPagerUITests */,
				6CAC629B1E56F2C700E7FD99 /* Products */,
			);
			sourceTree = "<group>";
		};
		6CAC629B1E56F2C700E7FD99 /* Products */ = {
			isa = PBXGroup;
			children = (
				6CAC629A1E56F2C700E7FD99 /* TabPager.app */,
				6CAC62AE1E56F2C700E7FD99 /* TabPagerTests.xctest */,
				6CAC62B91E56F2C700E7FD99 /* TabPagerUITests.xctest */,
			);
			name = Products;
			sourceTree = "<group>";
		};
		6CAC629C1E56F2C700E7FD99 /* TabPager */ = {
			isa = PBXGroup;
			children = (
				6CAC62DA1E56F4A500E7FD99 /* CollectionViewController.swift */,
				6CAC62DB1E56F4A500E7FD99 /* LimitDemoAllCodeViewController.swift */,
				6CAC62DC1E56F4A500E7FD99 /* LimitDemoOnContainerViewController.swift */,
				6CAC62DD1E56F4A500E7FD99 /* TableViewController.swift */,
				6CAC629D1E56F2C700E7FD99 /* AppDelegate.swift */,
				6CAC629F1E56F2C700E7FD99 /* ViewController.swift */,
				6CAC62A11E56F2C700E7FD99 /* Main.storyboard */,
				6CAC62A41E56F2C700E7FD99 /* Assets.xcassets */,
				6CAC62A61E56F2C700E7FD99 /* LaunchScreen.storyboard */,
				6CAC62A91E56F2C700E7FD99 /* Info.plist */,
			);
			path = TabPager;
			sourceTree = "<group>";
		};
		6CAC62B11E56F2C700E7FD99 /* TabPagerTests */ = {
			isa = PBXGroup;
			children = (
				6CAC62B21E56F2C700E7FD99 /* TabPagerTests.swift */,
				6CAC62B41E56F2C700E7FD99 /* Info.plist */,
			);
			path = TabPagerTests;
			sourceTree = "<group>";
		};
		6CAC62BC1E56F2C700E7FD99 /* TabPagerUITests */ = {
			isa = PBXGroup;
			children = (
				6CAC62BD1E56F2C700E7FD99 /* TabPagerUITests.swift */,
				6CAC62BF1E56F2C700E7FD99 /* Info.plist */,
			);
			path = TabPagerUITests;
			sourceTree = "<group>";
		};
		6CAC62CB1E56F2F100E7FD99 /* Classes */ = {
			isa = PBXGroup;
			children = (
				6CAC62CC1E56F2F100E7FD99 /* PageTabBarView.swift */,
				6CAC62CD1E56F2F100E7FD99 /* PageTabBarView.xib */,
				6CAC62CE1E56F2F100E7FD99 /* PageView.swift */,
				6CAC62CF1E56F2F100E7FD99 /* Style.swift */,
				6CAC62D01E56F2F100E7FD99 /* TabItemCollectionViewCell.swift */,
				6CAC62D11E56F2F100E7FD99 /* TabItemCollectionViewCell.xib */,
				6CAC62D21E56F2F100E7FD99 /* UIViewExtensions.swift */,
			);
			path = Classes;
			sourceTree = "<group>";
		};
/* End PBXGroup section */

/* Begin PBXNativeTarget section */
		6CAC62991E56F2C700E7FD99 /* TabPager */ = {
			isa = PBXNativeTarget;
			buildConfigurationList = 6CAC62C21E56F2C700E7FD99 /* Build configuration list for PBXNativeTarget "TabPager" */;
			buildPhases = (
				6CAC62961E56F2C700E7FD99 /* Sources */,
				6CAC62971E56F2C700E7FD99 /* Frameworks */,
				6CAC62981E56F2C700E7FD99 /* Resources */,
			);
			buildRules = (
			);
			dependencies = (
			);
			name = TabPager;
			productName = TabPager;
			productReference = 6CAC629A1E56F2C700E7FD99 /* TabPager.app */;
			productType = "com.apple.product-type.application";
		};
		6CAC62AD1E56F2C700E7FD99 /* TabPagerTests */ = {
			isa = PBXNativeTarget;
			buildConfigurationList = 6CAC62C51E56F2C700E7FD99 /* Build configuration list for PBXNativeTarget "TabPagerTests" */;
			buildPhases = (
				6CAC62AA1E56F2C700E7FD99 /* Sources */,
				6CAC62AB1E56F2C700E7FD99 /* Frameworks */,
				6CAC62AC1E56F2C700E7FD99 /* Resources */,
			);
			buildRules = (
			);
			dependencies = (
				6CAC62B01E56F2C700E7FD99 /* PBXTargetDependency */,
			);
			name = TabPagerTests;
			productName = TabPagerTests;
			productReference = 6CAC62AE1E56F2C700E7FD99 /* TabPagerTests.xctest */;
			productType = "com.apple.product-type.bundle.unit-test";
		};
		6CAC62B81E56F2C700E7FD99 /* TabPagerUITests */ = {
			isa = PBXNativeTarget;
			buildConfigurationList = 6CAC62C81E56F2C700E7FD99 /* Build configuration list for PBXNativeTarget "TabPagerUITests" */;
			buildPhases = (
				6CAC62B51E56F2C700E7FD99 /* Sources */,
				6CAC62B61E56F2C700E7FD99 /* Frameworks */,
				6CAC62B71E56F2C700E7FD99 /* Resources */,
			);
			buildRules = (
			);
			dependencies = (
				6CAC62BB1E56F2C700E7FD99 /* PBXTargetDependency */,
			);
			name = TabPagerUITests;
			productName = TabPagerUITests;
			productReference = 6CAC62B91E56F2C700E7FD99 /* TabPagerUITests.xctest */;
			productType = "com.apple.product-type.bundle.ui-testing";
		};
/* End PBXNativeTarget section */

/* Begin PBXProject section */
		6CAC62921E56F2C700E7FD99 /* Project object */ = {
			isa = PBXProject;
			attributes = {
				LastSwiftUpdateCheck = 0820;
				LastUpgradeCheck = 0820;
				ORGANIZATIONNAME = Hirose.Yudai;
				TargetAttributes = {
					6CAC62991E56F2C700E7FD99 = {
						CreatedOnToolsVersion = 8.2;
						LastSwiftMigration = 0820;
						ProvisioningStyle = Automatic;
					};
					6CAC62AD1E56F2C700E7FD99 = {
						CreatedOnToolsVersion = 8.2;
						LastSwiftMigration = 0820;
						ProvisioningStyle = Automatic;
						TestTargetID = 6CAC62991E56F2C700E7FD99;
					};
					6CAC62B81E56F2C700E7FD99 = {
						CreatedOnToolsVersion = 8.2;
						LastSwiftMigration = 0820;
						ProvisioningStyle = Automatic;
						TestTargetID = 6CAC62991E56F2C700E7FD99;
					};
				};
			};
			buildConfigurationList = 6CAC62951E56F2C700E7FD99 /* Build configuration list for PBXProject "TabPager" */;
			compatibilityVersion = "Xcode 3.2";
			developmentRegion = English;
			hasScannedForEncodings = 0;
			knownRegions = (
				en,
				Base,
			);
			mainGroup = 6CAC62911E56F2C700E7FD99;
			productRefGroup = 6CAC629B1E56F2C700E7FD99 /* Products */;
			projectDirPath = "";
			projectRoot = "";
			targets = (
				6CAC62991E56F2C700E7FD99 /* TabPager */,
				6CAC62AD1E56F2C700E7FD99 /* TabPagerTests */,
				6CAC62B81E56F2C700E7FD99 /* TabPagerUITests */,
			);
		};
/* End PBXProject section */

/* Begin PBXResourcesBuildPhase section */
		6CAC62981E56F2C700E7FD99 /* Resources */ = {
			isa = PBXResourcesBuildPhase;
			buildActionMask = 2147483647;
			files = (
				6CAC62A81E56F2C700E7FD99 /* LaunchScreen.storyboard in Resources */,
				6CAC62A51E56F2C700E7FD99 /* Assets.xcassets in Resources */,
				6CAC62D81E56F2F100E7FD99 /* TabItemCollectionViewCell.xib in Resources */,
				6CAC62A31E56F2C700E7FD99 /* Main.storyboard in Resources */,
				6CAC62D41E56F2F100E7FD99 /* PageTabBarView.xib in Resources */,
			);
			runOnlyForDeploymentPostprocessing = 0;
		};
		6CAC62AC1E56F2C700E7FD99 /* Resources */ = {
			isa = PBXResourcesBuildPhase;
			buildActionMask = 2147483647;
			files = (
			);
			runOnlyForDeploymentPostprocessing = 0;
		};
		6CAC62B71E56F2C700E7FD99 /* Resources */ = {
			isa = PBXResourcesBuildPhase;
			buildActionMask = 2147483647;
			files = (
			);
			runOnlyForDeploymentPostprocessing = 0;
		};
/* End PBXResourcesBuildPhase section */

/* Begin PBXSourcesBuildPhase section */
		6CAC62961E56F2C700E7FD99 /* Sources */ = {
			isa = PBXSourcesBuildPhase;
			buildActionMask = 2147483647;
			files = (
				6CAC62DF1E56F4A500E7FD99 /* LimitDemoAllCodeViewController.swift in Sources */,
				6CAC62A01E56F2C700E7FD99 /* ViewController.swift in Sources */,
				6CAC62E01E56F4A500E7FD99 /* LimitDemoOnContainerViewController.swift in Sources */,
				6CAC62D91E56F2F100E7FD99 /* UIViewExtensions.swift in Sources */,
				6CAC62D51E56F2F100E7FD99 /* PageView.swift in Sources */,
				6CAC629E1E56F2C700E7FD99 /* AppDelegate.swift in Sources */,
				6CAC62E11E56F4A500E7FD99 /* TableViewController.swift in Sources */,
				6CAC62DE1E56F4A500E7FD99 /* CollectionViewController.swift in Sources */,
				6CAC62D31E56F2F100E7FD99 /* PageTabBarView.swift in Sources */,
				6CAC62D61E56F2F100E7FD99 /* Style.swift in Sources */,
				6CAC62D71E56F2F100E7FD99 /* TabItemCollectionViewCell.swift in Sources */,
			);
			runOnlyForDeploymentPostprocessing = 0;
		};
		6CAC62AA1E56F2C700E7FD99 /* Sources */ = {
			isa = PBXSourcesBuildPhase;
			buildActionMask = 2147483647;
			files = (
				6CAC62B31E56F2C700E7FD99 /* TabPagerTests.swift in Sources */,
			);
			runOnlyForDeploymentPostprocessing = 0;
		};
		6CAC62B51E56F2C700E7FD99 /* Sources */ = {
			isa = PBXSourcesBuildPhase;
			buildActionMask = 2147483647;
			files = (
				6CAC62BE1E56F2C700E7FD99 /* TabPagerUITests.swift in Sources */,
			);
			runOnlyForDeploymentPostprocessing = 0;
		};
/* End PBXSourcesBuildPhase section */

/* Begin PBXTargetDependency section */
		6CAC62B01E56F2C700E7FD99 /* PBXTargetDependency */ = {
			isa = PBXTargetDependency;
			target = 6CAC62991E56F2C700E7FD99 /* TabPager */;
			targetProxy = 6CAC62AF1E56F2C700E7FD99 /* PBXContainerItemProxy */;
		};
		6CAC62BB1E56F2C700E7FD99 /* PBXTargetDependency */ = {
			isa = PBXTargetDependency;
			target = 6CAC62991E56F2C700E7FD99 /* TabPager */;
			targetProxy = 6CAC62BA1E56F2C700E7FD99 /* PBXContainerItemProxy */;
		};
/* End PBXTargetDependency section */

/* Begin PBXVariantGroup section */
		6CAC62A11E56F2C700E7FD99 /* Main.storyboard */ = {
			isa = PBXVariantGroup;
			children = (
				6CAC62A21E56F2C700E7FD99 /* Base */,
			);
			name = Main.storyboard;
			sourceTree = "<group>";
		};
		6CAC62A61E56F2C700E7FD99 /* LaunchScreen.storyboard */ = {
			isa = PBXVariantGroup;
			children = (
				6CAC62A71E56F2C700E7FD99 /* Base */,
			);
			name = LaunchScreen.storyboard;
			sourceTree = "<group>";
		};
/* End PBXVariantGroup section */

/* Begin XCBuildConfiguration section */
		6CAC62C01E56F2C700E7FD99 /* Debug */ = {
			isa = XCBuildConfiguration;
			buildSettings = {
				ALWAYS_SEARCH_USER_PATHS = NO;
				CLANG_ANALYZER_NONNULL = YES;
				CLANG_CXX_LANGUAGE_STANDARD = "gnu++0x";
				CLANG_CXX_LIBRARY = "libc++";
				CLANG_ENABLE_MODULES = YES;
				CLANG_ENABLE_OBJC_ARC = YES;
				CLANG_WARN_BOOL_CONVERSION = YES;
				CLANG_WARN_CONSTANT_CONVERSION = YES;
				CLANG_WARN_DIRECT_OBJC_ISA_USAGE = YES_ERROR;
				CLANG_WARN_DOCUMENTATION_COMMENTS = YES;
				CLANG_WARN_EMPTY_BODY = YES;
				CLANG_WARN_ENUM_CONVERSION = YES;
				CLANG_WARN_INFINITE_RECURSION = YES;
				CLANG_WARN_INT_CONVERSION = YES;
				CLANG_WARN_OBJC_ROOT_CLASS = YES_ERROR;
				CLANG_WARN_SUSPICIOUS_MOVE = YES;
				CLANG_WARN_UNREACHABLE_CODE = YES;
				CLANG_WARN__DUPLICATE_METHOD_MATCH = YES;
				"CODE_SIGN_IDENTITY[sdk=iphoneos*]" = "iPhone Developer";
				COPY_PHASE_STRIP = NO;
				DEBUG_INFORMATION_FORMAT = dwarf;
				ENABLE_STRICT_OBJC_MSGSEND = YES;
				ENABLE_TESTABILITY = YES;
				GCC_C_LANGUAGE_STANDARD = gnu99;
				GCC_DYNAMIC_NO_PIC = NO;
				GCC_NO_COMMON_BLOCKS = YES;
				GCC_OPTIMIZATION_LEVEL = 0;
				GCC_PREPROCESSOR_DEFINITIONS = (
					"DEBUG=1",
					"$(inherited)",
				);
				GCC_WARN_64_TO_32_BIT_CONVERSION = YES;
				GCC_WARN_ABOUT_RETURN_TYPE = YES_ERROR;
				GCC_WARN_UNDECLARED_SELECTOR = YES;
				GCC_WARN_UNINITIALIZED_AUTOS = YES_AGGRESSIVE;
				GCC_WARN_UNUSED_FUNCTION = YES;
				GCC_WARN_UNUSED_VARIABLE = YES;
				IPHONEOS_DEPLOYMENT_TARGET = 10.2;
				MTL_ENABLE_DEBUG_INFO = YES;
				ONLY_ACTIVE_ARCH = YES;
				SDKROOT = iphoneos;
				SWIFT_ACTIVE_COMPILATION_CONDITIONS = DEBUG;
				SWIFT_OPTIMIZATION_LEVEL = "-Onone";
				TARGETED_DEVICE_FAMILY = "1,2";
			};
			name = Debug;
		};
		6CAC62C11E56F2C700E7FD99 /* Release */ = {
			isa = XCBuildConfiguration;
			buildSettings = {
				ALWAYS_SEARCH_USER_PATHS = NO;
				CLANG_ANALYZER_NONNULL = YES;
				CLANG_CXX_LANGUAGE_STANDARD = "gnu++0x";
				CLANG_CXX_LIBRARY = "libc++";
				CLANG_ENABLE_MODULES = YES;
				CLANG_ENABLE_OBJC_ARC = YES;
				CLANG_WARN_BOOL_CONVERSION = YES;
				CLANG_WARN_CONSTANT_CONVERSION = YES;
				CLANG_WARN_DIRECT_OBJC_ISA_USAGE = YES_ERROR;
				CLANG_WARN_DOCUMENTATION_COMMENTS = YES;
				CLANG_WARN_EMPTY_BODY = YES;
				CLANG_WARN_ENUM_CONVERSION = YES;
				CLANG_WARN_INFINITE_RECURSION = YES;
				CLANG_WARN_INT_CONVERSION = YES;
				CLANG_WARN_OBJC_ROOT_CLASS = YES_ERROR;
				CLANG_WARN_SUSPICIOUS_MOVE = YES;
				CLANG_WARN_UNREACHABLE_CODE = YES;
				CLANG_WARN__DUPLICATE_METHOD_MATCH = YES;
				"CODE_SIGN_IDENTITY[sdk=iphoneos*]" = "iPhone Developer";
				COPY_PHASE_STRIP = NO;
				DEBUG_INFORMATION_FORMAT = "dwarf-with-dsym";
				ENABLE_NS_ASSERTIONS = NO;
				ENABLE_STRICT_OBJC_MSGSEND = YES;
				GCC_C_LANGUAGE_STANDARD = gnu99;
				GCC_NO_COMMON_BLOCKS = YES;
				GCC_WARN_64_TO_32_BIT_CONVERSION = YES;
				GCC_WARN_ABOUT_RETURN_TYPE = YES_ERROR;
				GCC_WARN_UNDECLARED_SELECTOR = YES;
				GCC_WARN_UNINITIALIZED_AUTOS = YES_AGGRESSIVE;
				GCC_WARN_UNUSED_FUNCTION = YES;
				GCC_WARN_UNUSED_VARIABLE = YES;
				IPHONEOS_DEPLOYMENT_TARGET = 10.2;
				MTL_ENABLE_DEBUG_INFO = NO;
				SDKROOT = iphoneos;
				SWIFT_OPTIMIZATION_LEVEL = "-Owholemodule";
				TARGETED_DEVICE_FAMILY = "1,2";
				VALIDATE_PRODUCT = YES;
			};
			name = Release;
		};
		6CAC62C31E56F2C700E7FD99 /* Debug */ = {
			isa = XCBuildConfiguration;
			buildSettings = {
				ASSETCATALOG_COMPILER_APPICON_NAME = AppIcon;
				INFOPLIST_FILE = TabPager/Info.plist;
				LD_RUNPATH_SEARCH_PATHS = "$(inherited) @executable_path/Frameworks";
				PRODUCT_BUNDLE_IDENTIFIER = com.owata.TabPager;
				PRODUCT_NAME = "$(TARGET_NAME)";
				SWIFT_VERSION = 3.0;
			};
			name = Debug;
		};
		6CAC62C41E56F2C700E7FD99 /* Release */ = {
			isa = XCBuildConfiguration;
			buildSettings = {
				ASSETCATALOG_COMPILER_APPICON_NAME = AppIcon;
				INFOPLIST_FILE = TabPager/Info.plist;
				LD_RUNPATH_SEARCH_PATHS = "$(inherited) @executable_path/Frameworks";
				PRODUCT_BUNDLE_IDENTIFIER = com.owata.TabPager;
				PRODUCT_NAME = "$(TARGET_NAME)";
				SWIFT_VERSION = 3.0;
			};
			name = Release;
		};
		6CAC62C61E56F2C700E7FD99 /* Debug */ = {
			isa = XCBuildConfiguration;
			buildSettings = {
				ALWAYS_EMBED_SWIFT_STANDARD_LIBRARIES = YES;
				BUNDLE_LOADER = "$(TEST_HOST)";
				INFOPLIST_FILE = TabPagerTests/Info.plist;
				LD_RUNPATH_SEARCH_PATHS = "$(inherited) @executable_path/Frameworks @loader_path/Frameworks";
				PRODUCT_BUNDLE_IDENTIFIER = com.owata.TabPagerTests;
				PRODUCT_NAME = "$(TARGET_NAME)";
				SWIFT_VERSION = 3.0;
				TEST_HOST = "$(BUILT_PRODUCTS_DIR)/TabPager.app/TabPager";
			};
			name = Debug;
		};
		6CAC62C71E56F2C700E7FD99 /* Release */ = {
			isa = XCBuildConfiguration;
			buildSettings = {
				ALWAYS_EMBED_SWIFT_STANDARD_LIBRARIES = YES;
				BUNDLE_LOADER = "$(TEST_HOST)";
				INFOPLIST_FILE = TabPagerTests/Info.plist;
				LD_RUNPATH_SEARCH_PATHS = "$(inherited) @executable_path/Frameworks @loader_path/Frameworks";
				PRODUCT_BUNDLE_IDENTIFIER = com.owata.TabPagerTests;
				PRODUCT_NAME = "$(TARGET_NAME)";
				SWIFT_VERSION = 3.0;
				TEST_HOST = "$(BUILT_PRODUCTS_DIR)/TabPager.app/TabPager";
			};
			name = Release;
		};
		6CAC62C91E56F2C700E7FD99 /* Debug */ = {
			isa = XCBuildConfiguration;
			buildSettings = {
				ALWAYS_EMBED_SWIFT_STANDARD_LIBRARIES = YES;
				INFOPLIST_FILE = TabPagerUITests/Info.plist;
				LD_RUNPATH_SEARCH_PATHS = "$(inherited) @executable_path/Frameworks @loader_path/Frameworks";
				PRODUCT_BUNDLE_IDENTIFIER = com.owata.TabPagerUITests;
				PRODUCT_NAME = "$(TARGET_NAME)";
				SWIFT_VERSION = 3.0;
				TEST_TARGET_NAME = TabPager;
			};
			name = Debug;
		};
		6CAC62CA1E56F2C700E7FD99 /* Release */ = {
			isa = XCBuildConfiguration;
			buildSettings = {
				ALWAYS_EMBED_SWIFT_STANDARD_LIBRARIES = YES;
				INFOPLIST_FILE = TabPagerUITests/Info.plist;
				LD_RUNPATH_SEARCH_PATHS = "$(inherited) @executable_path/Frameworks @loader_path/Frameworks";
				PRODUCT_BUNDLE_IDENTIFIER = com.owata.TabPagerUITests;
				PRODUCT_NAME = "$(TARGET_NAME)";
				SWIFT_VERSION = 3.0;
				TEST_TARGET_NAME = TabPager;
			};
			name = Release;
		};
/* End XCBuildConfiguration section */

/* Begin XCConfigurationList section */
		6CAC62951E56F2C700E7FD99 /* Build configuration list for PBXProject "TabPager" */ = {
			isa = XCConfigurationList;
			buildConfigurations = (
				6CAC62C01E56F2C700E7FD99 /* Debug */,
				6CAC62C11E56F2C700E7FD99 /* Release */,
			);
			defaultConfigurationIsVisible = 0;
			defaultConfigurationName = Release;
		};
		6CAC62C21E56F2C700E7FD99 /* Build configuration list for PBXNativeTarget "TabPager" */ = {
			isa = XCConfigurationList;
			buildConfigurations = (
				6CAC62C31E56F2C700E7FD99 /* Debug */,
				6CAC62C41E56F2C700E7FD99 /* Release */,
			);
			defaultConfigurationIsVisible = 0;
			defaultConfigurationName = Release;
		};
		6CAC62C51E56F2C700E7FD99 /* Build configuration list for PBXNativeTarget "TabPagerTests" */ = {
			isa = XCConfigurationList;
			buildConfigurations = (
				6CAC62C61E56F2C700E7FD99 /* Debug */,
				6CAC62C71E56F2C700E7FD99 /* Release */,
			);
			defaultConfigurationIsVisible = 0;
			defaultConfigurationName = Release;
		};
		6CAC62C81E56F2C700E7FD99 /* Build configuration list for PBXNativeTarget "TabPagerUITests" */ = {
			isa = XCConfigurationList;
			buildConfigurations = (
				6CAC62C91E56F2C700E7FD99 /* Debug */,
				6CAC62CA1E56F2C700E7FD99 /* Release */,
			);
			defaultConfigurationIsVisible = 0;
			defaultConfigurationName = Release;
		};
/* End XCConfigurationList section */
	};
	rootObject = 6CAC62921E56F2C700E7FD99 /* Project object */;
}
